
Microsoft Visual Studio Solution File, Format Version 12.00
# Visual Studio Version 16
VisualStudioVersion = 16.0.29230.47
MinimumVisualStudioVersion = 10.0.40219.1
Project("{FAE04EC0-301F-11D3-BF4B-00C04F79EFBC}") = "S3Film.DAL", "Film.DAL\S3Film.DAL.csproj", "{622CE843-4752-4624-8ACE-8E76C0F1586C}"
EndProject
Project("{FAE04EC0-301F-11D3-BF4B-00C04F79EFBC}") = "S3Film.Entities", "Film.Entities\S3Film.Entities.csproj", "{0F46ECE9-2A53-410B-9A85-4E7512568961}"
EndProject
Project("{FAE04EC0-301F-11D3-BF4B-00C04F79EFBC}") = "S3Film.GUI", "S3Film.GUI\S3Film.GUI.csproj", "{CEC8313E-8E8A-483B-B843-52DE5CEDFD48}"
EndProject
Global
	GlobalSection(SolutionConfigurationPlatforms) = preSolution
		Debug|Any CPU = Debug|Any CPU
		Release|Any CPU = Release|Any CPU
	EndGlobalSection
	GlobalSection(ProjectConfigurationPlatforms) = postSolution
		{622CE843-4752-4624-8ACE-8E76C0F1586C}.Debug|Any CPU.ActiveCfg = Debug|Any CPU
		{622CE843-4752-4624-8ACE-8E76C0F1586C}.Debug|Any CPU.Build.0 = Debug|Any CPU
		{622CE843-4752-4624-8ACE-8E76C0F1586C}.Release|Any CPU.ActiveCfg = Release|Any CPU
		{622CE843-4752-4624-8ACE-8E76C0F1586C}.Release|Any CPU.Build.0 = Release|Any CPU
		{0F46ECE9-2A53-410B-9A85-4E7512568961}.Debug|Any CPU.ActiveCfg = Debug|Any CPU
		{0F46ECE9-2A53-410B-9A85-4E7512568961}.Debug|Any CPU.Build.0 = Debug|Any CPU
		{0F46ECE9-2A53-410B-9A85-4E7512568961}.Release|Any CPU.ActiveCfg = Release|Any CPU
		{0F46ECE9-2A53-410B-9A85-4E7512568961}.Release|Any CPU.Build.0 = Release|Any CPU
		{CEC8313E-8E8A-483B-B843-52DE5CEDFD48}.Debug|Any CPU.ActiveCfg = Debug|Any CPU
		{CEC8313E-8E8A-483B-B843-52DE5CEDFD48}.Debug|Any CPU.Build.0 = Debug|Any CPU
		{CEC8313E-8E8A-483B-B843-52DE5CEDFD48}.Release|Any CPU.ActiveCfg = Release|Any CPU
		{CEC8313E-8E8A-483B-B843-52DE5CEDFD48}.Release|Any CPU.Build.0 = Release|Any CPU
	EndGlobalSection
	GlobalSection(SolutionProperties) = preSolution
		HideSolutionNode = FALSE
	EndGlobalSection
	GlobalSection(ExtensibilityGlobals) = postSolution
		SolutionGuid = {871088CB-70E1-46BA-AF30-993364D4A67F}
	EndGlobalSection
EndGlobal
